
Microsoft Visual Studio Solution File, Format Version 12.00
# Visual Studio 2013
VisualStudioVersion = 12.0.30723.0
MinimumVisualStudioVersion = 10.0.40219.1
Project("{2150E333-8FDC-42A3-9474-1A3956D46DE8}") = ".nuget", ".nuget", "{05E76CAB-BF18-454D-BEFB-0BB776CBBA4A}"
	ProjectSection(SolutionItems) = preProject
		.nuget\NuGet.Config = .nuget\NuGet.Config
		.nuget\NuGet.exe = .nuget\NuGet.exe
		.nuget\NuGet.targets = .nuget\NuGet.targets
	EndProjectSection
EndProject
Project("{FAE04EC0-301F-11D3-BF4B-00C04F79EFBC}") = "Dependable", "Dependable\Dependable.csproj", "{541BCFA5-FF53-4262-B446-47612BF51FC6}"
EndProject
Project("{FAE04EC0-301F-11D3-BF4B-00C04F79EFBC}") = "Dependable.Tests", "Dependable.Tests\Dependable.Tests.csproj", "{BC0234B9-89B6-48F7-ABC5-269A7B4CC012}"
EndProject
Project("{2150E333-8FDC-42A3-9474-1A3956D46DE8}") = "Extensions", "Extensions", "{C2176840-B7BB-41D8-933D-5FA00E057933}"
EndProject
Project("{FAE04EC0-301F-11D3-BF4B-00C04F79EFBC}") = "Dependable.Extensions.Persistence.Sql", "Extensions\Dependable.Extensions.Persistence.Sql\Dependable.Extensions.Persistence.Sql.csproj", "{FE5005E8-DBBD-470F-9AC4-88FEF2BD2143}"
EndProject
Project("{2150E333-8FDC-42A3-9474-1A3956D46DE8}") = "Solution Items", "Solution Items", "{6EF159E7-AAB8-4559-BCC6-EC28A6A90A91}"
	ProjectSection(SolutionItems) = preProject
		make.bat = make.bat
		SharedAssemblyInfo.cs = SharedAssemblyInfo.cs
	EndProjectSection
EndProject
Project("{FAE04EC0-301F-11D3-BF4B-00C04F79EFBC}") = "TestHost", "TestHost\TestHost.csproj", "{FAADD0C6-E171-44C9-B6A7-FD708EFC5EAA}"
EndProject
Project("{FAE04EC0-301F-11D3-BF4B-00C04F79EFBC}") = "Dependable.Extensions.Dependencies.Autofac", "Extensions\Dependable.Extensions.Dependencies.Autofac\Dependable.Extensions.Dependencies.Autofac.csproj", "{9CE92509-5372-47D2-9545-A542F8BC7052}"
EndProject
Global
	GlobalSection(SolutionConfigurationPlatforms) = preSolution
		Debug|Any CPU = Debug|Any CPU
		Release|Any CPU = Release|Any CPU
	EndGlobalSection
	GlobalSection(ProjectConfigurationPlatforms) = postSolution
		{541BCFA5-FF53-4262-B446-47612BF51FC6}.Debug|Any CPU.ActiveCfg = Debug|Any CPU
		{541BCFA5-FF53-4262-B446-47612BF51FC6}.Debug|Any CPU.Build.0 = Debug|Any CPU
		{541BCFA5-FF53-4262-B446-47612BF51FC6}.Release|Any CPU.ActiveCfg = Release|Any CPU
		{541BCFA5-FF53-4262-B446-47612BF51FC6}.Release|Any CPU.Build.0 = Release|Any CPU
		{BC0234B9-89B6-48F7-ABC5-269A7B4CC012}.Debug|Any CPU.ActiveCfg = Debug|Any CPU
		{BC0234B9-89B6-48F7-ABC5-269A7B4CC012}.Debug|Any CPU.Build.0 = Debug|Any CPU
		{BC0234B9-89B6-48F7-ABC5-269A7B4CC012}.Release|Any CPU.ActiveCfg = Release|Any CPU
		{BC0234B9-89B6-48F7-ABC5-269A7B4CC012}.Release|Any CPU.Build.0 = Release|Any CPU
		{FE5005E8-DBBD-470F-9AC4-88FEF2BD2143}.Debug|Any CPU.ActiveCfg = Debug|Any CPU
		{FE5005E8-DBBD-470F-9AC4-88FEF2BD2143}.Debug|Any CPU.Build.0 = Debug|Any CPU
		{FE5005E8-DBBD-470F-9AC4-88FEF2BD2143}.Release|Any CPU.ActiveCfg = Release|Any CPU
		{FE5005E8-DBBD-470F-9AC4-88FEF2BD2143}.Release|Any CPU.Build.0 = Release|Any CPU
		{FAADD0C6-E171-44C9-B6A7-FD708EFC5EAA}.Debug|Any CPU.ActiveCfg = Debug|Any CPU
		{FAADD0C6-E171-44C9-B6A7-FD708EFC5EAA}.Debug|Any CPU.Build.0 = Debug|Any CPU
		{FAADD0C6-E171-44C9-B6A7-FD708EFC5EAA}.Release|Any CPU.ActiveCfg = Release|Any CPU
		{FAADD0C6-E171-44C9-B6A7-FD708EFC5EAA}.Release|Any CPU.Build.0 = Release|Any CPU
		{9CE92509-5372-47D2-9545-A542F8BC7052}.Debug|Any CPU.ActiveCfg = Debug|Any CPU
		{9CE92509-5372-47D2-9545-A542F8BC7052}.Debug|Any CPU.Build.0 = Debug|Any CPU
		{9CE92509-5372-47D2-9545-A542F8BC7052}.Release|Any CPU.ActiveCfg = Release|Any CPU
		{9CE92509-5372-47D2-9545-A542F8BC7052}.Release|Any CPU.Build.0 = Release|Any CPU
	EndGlobalSection
	GlobalSection(SolutionProperties) = preSolution
		HideSolutionNode = FALSE
	EndGlobalSection
	GlobalSection(NestedProjects) = preSolution
		{FE5005E8-DBBD-470F-9AC4-88FEF2BD2143} = {C2176840-B7BB-41D8-933D-5FA00E057933}
		{9CE92509-5372-47D2-9545-A542F8BC7052} = {C2176840-B7BB-41D8-933D-5FA00E057933}
	EndGlobalSection
EndGlobal
